Microsoft Visual Studio Solution File, Format Version 12.00
# Visual Studio Version 17
VisualStudioVersion = 17.5.2.0
MinimumVisualStudioVersion = 10.0.40219.1
Project("{FAE04EC0-301F-11D3-BF4B-00C04F79EFBC}") = "Courseopt", "Courseopt.csproj", "{D1908E52-1627-3910-AB9D-C96C006469BF}"
EndProject
Global
	GlobalSection(SolutionConfigurationPlatforms) = preSolution
		Debug|Any CPU = Debug|Any CPU
		Release|Any CPU = Release|Any CPU
	EndGlobalSection
	GlobalSection(ProjectConfigurationPlatforms) = postSolution
		{D1908E52-1627-3910-AB9D-C96C006469BF}.Debug|Any CPU.ActiveCfg = Debug|Any CPU
		{D1908E52-1627-3910-AB9D-C96C006469BF}.Debug|Any CPU.Build.0 = Debug|Any CPU
		{D1908E52-1627-3910-AB9D-C96C006469BF}.Release|Any CPU.ActiveCfg = Release|Any CPU
		{D1908E52-1627-3910-AB9D-C96C006469BF}.Release|Any CPU.Build.0 = Release|Any CPU
	EndGlobalSection
	GlobalSection(SolutionProperties) = preSolution
		HideSolutionNode = FALSE
	EndGlobalSection
	GlobalSection(ExtensibilityGlobals) = postSolution
		SolutionGuid = {402E6E1E-4D1C-4F25-8EEC-0A06B289B889}
	EndGlobalSection
EndGlobal
